
Microsoft Visual Studio Solution File, Format Version 12.00
# Visual Studio 2012
Project("{FAE04EC0-301F-11D3-BF4B-00C04F79EFBC}") = "FbxSdk", "FbxSdk\FbxSdk.csproj", "{61B031FD-9D03-4DAB-A7D4-247F22B56B90}"
EndProject
Project("{FAE04EC0-301F-11D3-BF4B-00C04F79EFBC}") = "HelloWorldApp", "HelloWorldApp\HelloWorldApp.csproj", "{023D7CBF-56AD-4D5F-A412-6A28BC939498}"
EndProject
Global
	GlobalSection(SolutionConfigurationPlatforms) = preSolution
		Debug|Any CPU = Debug|Any CPU
		Release|Any CPU = Release|Any CPU
	EndGlobalSection
	GlobalSection(ProjectConfigurationPlatforms) = postSolution
		{61B031FD-9D03-4DAB-A7D4-247F22B56B90}.Debug|Any CPU.ActiveCfg = Debug|Any CPU
		{61B031FD-9D03-4DAB-A7D4-247F22B56B90}.Debug|Any CPU.Build.0 = Debug|Any CPU
		{61B031FD-9D03-4DAB-A7D4-247F22B56B90}.Release|Any CPU.ActiveCfg = Release|Any CPU
		{61B031FD-9D03-4DAB-A7D4-247F22B56B90}.Release|Any CPU.Build.0 = Release|Any CPU
		{023D7CBF-56AD-4D5F-A412-6A28BC939498}.Debug|Any CPU.ActiveCfg = Debug|Any CPU
		{023D7CBF-56AD-4D5F-A412-6A28BC939498}.Debug|Any CPU.Build.0 = Debug|Any CPU
		{023D7CBF-56AD-4D5F-A412-6A28BC939498}.Release|Any CPU.ActiveCfg = Release|Any CPU
		{023D7CBF-56AD-4D5F-A412-6A28BC939498}.Release|Any CPU.Build.0 = Release|Any CPU
	EndGlobalSection
EndGlobal
